
Microsoft Visual Studio Solution File, Format Version 12.00
# Visual Studio Version 16
VisualStudioVersion = 16.0.30517.126
MinimumVisualStudioVersion = 10.0.40219.1
Project("{9A19103F-16F7-4668-BE54-9A1E7A4F7556}") = "QLCafe.Application", "QLCafe.Application\QLCafe.Application.csproj", "{4867C98C-59B1-45F7-AC8F-1EB736D22BA8}"
EndProject
Project("{9A19103F-16F7-4668-BE54-9A1E7A4F7556}") = "QLCafe.API", "QLCafe.API\QLCafe.API.csproj", "{267C84D7-41E3-4D27-866A-3D815B97B6F9}"
EndProject
Global
	GlobalSection(SolutionConfigurationPlatforms) = preSolution
		Debug|Any CPU = Debug|Any CPU
		Release|Any CPU = Release|Any CPU
	EndGlobalSection
	GlobalSection(ProjectConfigurationPlatforms) = postSolution
		{4867C98C-59B1-45F7-AC8F-1EB736D22BA8}.Debug|Any CPU.ActiveCfg = Debug|Any CPU
		{4867C98C-59B1-45F7-AC8F-1EB736D22BA8}.Debug|Any CPU.Build.0 = Debug|Any CPU
		{4867C98C-59B1-45F7-AC8F-1EB736D22BA8}.Release|Any CPU.ActiveCfg = Release|Any CPU
		{4867C98C-59B1-45F7-AC8F-1EB736D22BA8}.Release|Any CPU.Build.0 = Release|Any CPU
		{267C84D7-41E3-4D27-866A-3D815B97B6F9}.Debug|Any CPU.ActiveCfg = Debug|Any CPU
		{267C84D7-41E3-4D27-866A-3D815B97B6F9}.Debug|Any CPU.Build.0 = Debug|Any CPU
		{267C84D7-41E3-4D27-866A-3D815B97B6F9}.Release|Any CPU.ActiveCfg = Release|Any CPU
		{267C84D7-41E3-4D27-866A-3D815B97B6F9}.Release|Any CPU.Build.0 = Release|Any CPU
	EndGlobalSection
	GlobalSection(SolutionProperties) = preSolution
		HideSolutionNode = FALSE
	EndGlobalSection
	GlobalSection(ExtensibilityGlobals) = postSolution
		SolutionGuid = {AEB54BC3-AA39-46F1-A2B2-801348973841}
	EndGlobalSection
EndGlobal
